{
  "lockfile_version": "1",
  "packages": {
    "charm-freeze@0.2.2": {
      "last_modified": "2026-08-01T16:34:20Z",
      "resolved": "github:NixOS/nixpkgs/a5cbcfe954791221bfffe2307f7d1a1bf61a871e#charm-freeze",
      "source": "devbox-search",
      "version": "0.2.2",
      "systems": {
        "aarch64-darwin": {
          "outputs": [
            {
              "name": "out",
              "path": "/nix/store/9fcy0kb2z995n71nzy3vi7fnj1c00hhx-charm-freeze-0.2.2",
              "default": true
            }
          ],
          "store_path": "/nix/store/9fcy0kb2z995n71nzy3vi7fnj1c00hhx-charm-freeze-0.2.2"
        },
        "aarch64-linux": {
          "outputs": [
            {
              "name": "out",
              "path": "/nix/store/sj0shixr64ps7m9m06lrrflbibr99s7z-charm-freeze-0.2.2",
              "default": true
            }
          ],
          "store_path": "/nix/store/sj0shixr64ps7m9m06lrrflbibr99s7z-charm-freeze-0.2.2"
        },
        "x86_64-darwin": {
          "outputs": [
            {
              "name": "out",
              "path": "/nix/store/c0x13sn714v2mp5mnzbp88lgh01aw8w1-charm-freeze-0.2.2",
              "default": true
            }
          ],
          "store_path": "/nix/store/c0x13sn714v2mp5mnzbp88lgh01aw8w1-charm-freeze-0.2.2"
        },
        "x86_64-linux": {
          "outputs": [
            {
              "name": "out",
              "path": "/nix/store/dknk9kispdd4rk62fimvpyl30y6zsa2h-charm-freeze-0.2.2",
              "default": true
            }
          ],
          "store_path": "/nix/store/dknk9kispdd4rk62fimvpyl30y6zsa2h-charm-freeze-0.2.2"
        }
      }
    },
    "github:NixOS/nixpkgs/nixpkgs-unstable": {
      "last_modified": "2026-08-10T07:49:06Z",
      "resolved": "github:NixOS/nixpkgs/d482ef84049d9b7276b83a06e4e4d76983830097?lastModified=1786348146&narHash=sha256-we5zDEFfn8TgzeWKjKDMIjeQZ59omEPl23NIF%2B13%2Fys%3D"
    }
  }
}
