{
  "lockfile_version": "1",
  "packages": {
    "charm-freeze@0.2.2": {
      "last_modified": "2026-08-27T07:16:00Z",
      "resolved": "github:NixOS/nixpkgs/c27cdad491a991b11ed731760aa2ef8db0cb0410#charm-freeze",
      "source": "devbox-search",
      "version": "0.2.2",
      "systems": {
        "aarch64-darwin": {
          "outputs": [
            {
              "name": "out",
              "path": "/nix/store/p51w5xfziqpvnhi0hvy6hky86wbk0jki-charm-freeze-0.2.2",
              "default": true
            }
          ],
          "store_path": "/nix/store/p51w5xfziqpvnhi0hvy6hky86wbk0jki-charm-freeze-0.2.2"
        },
        "aarch64-linux": {
          "outputs": [
            {
              "name": "out",
              "path": "/nix/store/d9ff17b2lizpisf51f4v2c77cy4376h3-charm-freeze-0.2.2",
              "default": true
            }
          ],
          "store_path": "/nix/store/d9ff17b2lizpisf51f4v2c77cy4376h3-charm-freeze-0.2.2"
        },
        "x86_64-darwin": {
          "outputs": [
            {
              "name": "out",
              "path": "/nix/store/c0x13sn714v2mp5mnzbp88lgh01aw8w1-charm-freeze-0.2.2",
              "default": true
            }
          ],
          "store_path": "/nix/store/c0x13sn714v2mp5mnzbp88lgh01aw8w1-charm-freeze-0.2.2"
        },
        "x86_64-linux": {
          "outputs": [
            {
              "name": "out",
              "path": "/nix/store/clvmvkr458cj3a9c2hqyg6az8qm0sij0-charm-freeze-0.2.2",
              "default": true
            }
          ],
          "store_path": "/nix/store/clvmvkr458cj3a9c2hqyg6az8qm0sij0-charm-freeze-0.2.2"
        }
      }
    },
    "github:NixOS/nixpkgs/nixpkgs-unstable": {
      "last_modified": "2026-09-10T20:56:27Z",
      "resolved": "github:NixOS/nixpkgs/aff8a0b28396750446e5537a96461bc4facdb287?lastModified=1789073787&narHash=sha256-xfX%2FtoC2QV707s06GbP4II%2FTxYF0fNQj7s5%2FLClNDKc%3D"
    }
  }
}
