{
  "lockfile_version": "1",
  "packages": {
    "chromium": {
      "resolved": "github:NixOS/nixpkgs/79b35bf0bda5cd110f856aa5b5b2c5ba4460dbf5#chromium",
      "source": "nixpkg",
      "systems": {
        "x86_64-linux": {
          "outputs": [
            {
              "path": "/nix/store/agamzskapmh5018k98bqfwrrb738bgpv-chromium-153.0.8010.52",
              "default": true
            }
          ]
        }
      }
    },
    "coreutils": {
      "resolved": "github:NixOS/nixpkgs/79b35bf0bda5cd110f856aa5b5b2c5ba4460dbf5#coreutils",
      "source": "nixpkg",
      "systems": {
        "x86_64-linux": {
          "outputs": [
            {
              "path": "/nix/store/xjl7p8dvyk2j53kqf7f43kdj4ypbxz7g-coreutils-9.11",
              "default": true
            }
          ]
        }
      }
    },
    "dejavu_fonts": {
      "resolved": "github:NixOS/nixpkgs/79b35bf0bda5cd110f856aa5b5b2c5ba4460dbf5#dejavu_fonts",
      "source": "nixpkg",
      "systems": {
        "x86_64-linux": {
          "outputs": [
            {
              "path": "/nix/store/71mxn2pyq807r32qsd2mdszkajhlb39q-dejavu-fonts-2.37",
              "default": true
            }
          ]
        }
      }
    },
    "fd": {
      "resolved": "github:NixOS/nixpkgs/79b35bf0bda5cd110f856aa5b5b2c5ba4460dbf5#fd",
      "source": "nixpkg",
      "systems": {
        "x86_64-linux": {
          "outputs": [
            {
              "path": "/nix/store/z8x9gdb5jg0b4cdzhix47g6dg9jdk1ap-fd-10.5.0",
              "default": true
            }
          ]
        }
      }
    },
    "file.out": {
      "resolved": "github:NixOS/nixpkgs/79b35bf0bda5cd110f856aa5b5b2c5ba4460dbf5#file.out",
      "source": "nixpkg",
      "systems": {
        "x86_64-linux": {
          "outputs": [
            {
              "path": "/nix/store/flpjkgj2hr2mwpdqv5jvdm7wwzwzr9ya-file-5.48",
              "default": true
            }
          ]
        }
      }
    },
    "fontconfig": {
      "resolved": "github:NixOS/nixpkgs/79b35bf0bda5cd110f856aa5b5b2c5ba4460dbf5#fontconfig",
      "source": "nixpkg",
      "systems": {
        "x86_64-linux": {
          "outputs": [
            {
              "name": "bin",
              "path": "/nix/store/zlk9jw06si1j35fhcp0imfll1c8cqqyi-fontconfig-2.18.3-bin",
              "default": true
            }
          ]
        }
      }
    },
    "gcc": {
      "resolved": "github:NixOS/nixpkgs/79b35bf0bda5cd110f856aa5b5b2c5ba4460dbf5#gcc",
      "source": "nixpkg",
      "systems": {
        "x86_64-linux": {
          "outputs": [
            {
              "name": "man",
              "path": "/nix/store/x30anv345f9v2ilfm901g18rlcprbpd1-gcc-wrapper-15.3.0-man",
              "default": true
            },
            {
              "path": "/nix/store/z4c6k0mrlkwl3s4w9ysxc8vq1wylm3ms-gcc-wrapper-15.3.0",
              "default": true
            }
          ]
        }
      }
    },
    "github:NixOS/nixpkgs/nixpkgs-unstable": {
      "last_modified": "2026-09-19T18:56:16Z",
      "resolved": "github:NixOS/nixpkgs/79b35bf0bda5cd110f856aa5b5b2c5ba4460dbf5?lastModified=1789844176"
    },
    "gnumake": {
      "resolved": "github:NixOS/nixpkgs/79b35bf0bda5cd110f856aa5b5b2c5ba4460dbf5#gnumake",
      "source": "nixpkg",
      "systems": {
        "x86_64-linux": {
          "outputs": [
            {
              "name": "man",
              "path": "/nix/store/cnhhvss345vj63rgzx9jq172b6ni7x5i-gnumake-4.4.1-man",
              "default": true
            },
            {
              "path": "/nix/store/kpnsgmzydsr7ig2p09p0143rsw1qik5b-gnumake-4.4.1",
              "default": true
            }
          ]
        }
      }
    },
    "go-task": {
      "resolved": "github:NixOS/nixpkgs/79b35bf0bda5cd110f856aa5b5b2c5ba4460dbf5#go-task",
      "source": "nixpkg",
      "systems": {
        "x86_64-linux": {
          "outputs": [
            {
              "path": "/nix/store/5f55ks7v3f7lg5z88zahl46dn42i4clv-go-task-3.53.1",
              "default": true
            }
          ]
        }
      }
    },
    "go@latest": {
      "last_modified": "2026-08-27T07:16:00Z",
      "resolved": "github:NixOS/nixpkgs/c27cdad491a991b11ed731760aa2ef8db0cb0410#go_1_27",
      "source": "devbox-search",
      "version": "1.27.0",
      "systems": {
        "aarch64-darwin": {
          "outputs": [
            {
              "name": "out",
              "path": "/nix/store/lz3qw52rpazqga73xgsqlj4qz1lgs4hg-go-1.27.0",
              "default": true
            }
          ],
          "store_path": "/nix/store/lz3qw52rpazqga73xgsqlj4qz1lgs4hg-go-1.27.0"
        },
        "aarch64-linux": {
          "outputs": [
            {
              "name": "out",
              "path": "/nix/store/zqjvg5805xkf6zsd8nrdvgbv58yw2phr-go-1.27.0",
              "default": true
            }
          ],
          "store_path": "/nix/store/zqjvg5805xkf6zsd8nrdvgbv58yw2phr-go-1.27.0"
        },
        "x86_64-linux": {
          "outputs": [
            {
              "name": "out",
              "path": "/nix/store/fibbp1k5gcpaxcin4dzk70yd056rfjhg-go-1.27.0",
              "default": true
            }
          ],
          "store_path": "/nix/store/fibbp1k5gcpaxcin4dzk70yd056rfjhg-go-1.27.0"
        }
      }
    },
    "jq.bin": {
      "resolved": "github:NixOS/nixpkgs/79b35bf0bda5cd110f856aa5b5b2c5ba4460dbf5#jq.bin",
      "source": "nixpkg",
      "systems": {
        "x86_64-linux": {
          "outputs": [
            {
              "name": "bin",
              "path": "/nix/store/hyz22a0l5b5kv7yfypw4ss6d36vbzg01-jq-1.8.2-bin",
              "default": true
            }
          ]
        }
      }
    },
    "kubeconform": {
      "resolved": "github:NixOS/nixpkgs/79b35bf0bda5cd110f856aa5b5b2c5ba4460dbf5#kubeconform",
      "source": "nixpkg",
      "systems": {
        "x86_64-linux": {
          "outputs": [
            {
              "path": "/nix/store/282i82xf3k1bazh59h04mppmaz2bm4rj-kubeconform-0.8.0",
              "default": true
            }
          ]
        }
      }
    },
    "kubernetes-helm": {
      "resolved": "github:NixOS/nixpkgs/79b35bf0bda5cd110f856aa5b5b2c5ba4460dbf5#kubernetes-helm",
      "source": "nixpkg",
      "systems": {
        "x86_64-linux": {
          "outputs": [
            {
              "path": "/nix/store/pvk804xi6vjr19gb6mc4janfamdb2cwc-kubernetes-helm-4.3.0",
              "default": true
            }
          ]
        }
      }
    },
    "openssl.bin": {
      "resolved": "github:NixOS/nixpkgs/79b35bf0bda5cd110f856aa5b5b2c5ba4460dbf5#openssl.bin",
      "source": "nixpkg",
      "systems": {
        "x86_64-linux": {
          "outputs": [
            {
              "name": "bin",
              "path": "/nix/store/44gxi8li8y8wrxrb93sya9hljkpigsqw-openssl-3.6.4-bin",
              "default": true
            }
          ]
        }
      }
    },
    "opentofu": {
      "resolved": "github:NixOS/nixpkgs/79b35bf0bda5cd110f856aa5b5b2c5ba4460dbf5#opentofu",
      "source": "nixpkg",
      "systems": {
        "x86_64-linux": {
          "outputs": [
            {
              "path": "/nix/store/6knnwrwxlzs7f7rlr14b8agk69aa3w5b-opentofu-1.12.6",
              "default": true
            }
          ]
        }
      }
    },
    "perl": {
      "resolved": "github:NixOS/nixpkgs/79b35bf0bda5cd110f856aa5b5b2c5ba4460dbf5#perl",
      "source": "nixpkg",
      "systems": {
        "x86_64-linux": {
          "outputs": [
            {
              "path": "/nix/store/w03i01kiakf4wz7jbp1l59c0bhb3pjca-perl-5.42.3",
              "default": true
            },
            {
              "name": "man",
              "path": "/nix/store/gw7zagh9cvx25b601jd1sv021xjp797p-perl-5.42.3-man",
              "default": true
            }
          ]
        }
      }
    },
    "python3": {
      "plugin_version": "0.0.5",
      "resolved": "github:NixOS/nixpkgs/79b35bf0bda5cd110f856aa5b5b2c5ba4460dbf5#python3",
      "source": "nixpkg",
      "systems": {
        "x86_64-linux": {
          "outputs": [
            {
              "path": "/nix/store/d64q19q1xjdwfhqx6czvrjgrhq0n3lcc-python3-3.14.7",
              "default": true
            }
          ]
        }
      }
    },
    "python3Packages.pip": {
      "resolved": "github:NixOS/nixpkgs/79b35bf0bda5cd110f856aa5b5b2c5ba4460dbf5#python3Packages.pip",
      "source": "nixpkg",
      "systems": {
        "x86_64-linux": {
          "outputs": [
            {
              "name": "man",
              "path": "/nix/store/ay4wccggfkrykwnjdk5qcryhpgbpv8kk-python3.14-pip-26.1.2-man",
              "default": true
            },
            {
              "path": "/nix/store/laxmrw9az4gq07i1lz1fs28q5qs1xabp-python3.14-pip-26.1.2",
              "default": true
            }
          ]
        }
      }
    },
    "ripgrep": {
      "resolved": "github:NixOS/nixpkgs/79b35bf0bda5cd110f856aa5b5b2c5ba4460dbf5#ripgrep",
      "source": "nixpkg",
      "systems": {
        "x86_64-linux": {
          "outputs": [
            {
              "path": "/nix/store/hkclq7d0j10l7gk1v2hpif398dvnq6lz-ripgrep-15.2.0",
              "default": true
            }
          ]
        }
      }
    },
    "semgrep": {
      "resolved": "github:NixOS/nixpkgs/79b35bf0bda5cd110f856aa5b5b2c5ba4460dbf5#semgrep",
      "source": "nixpkg",
      "systems": {
        "x86_64-linux": {
          "outputs": [
            {
              "path": "/nix/store/8l09rc8f8sfxj7ax45gkqq4hm9f9wv3i-python3.14-semgrep-1.172.0",
              "default": true
            }
          ]
        }
      }
    },
    "shellcheck.bin": {
      "resolved": "github:NixOS/nixpkgs/79b35bf0bda5cd110f856aa5b5b2c5ba4460dbf5#shellcheck.bin",
      "source": "nixpkg",
      "systems": {
        "x86_64-linux": {
          "outputs": [
            {
              "name": "bin",
              "path": "/nix/store/nv1wxm4s57407583l8c7p7gasi81cdp1-shellcheck-0.11.0-bin",
              "default": true
            }
          ]
        }
      }
    },
    "yamllint": {
      "resolved": "github:NixOS/nixpkgs/79b35bf0bda5cd110f856aa5b5b2c5ba4460dbf5#yamllint",
      "source": "nixpkg",
      "systems": {
        "x86_64-linux": {
          "outputs": [
            {
              "path": "/nix/store/6jc63n11h604wlml5y59fgrkzzpsc7nb-python3.14-yamllint-1.37.1",
              "default": true
            }
          ]
        }
      }
    },
    "yq-go": {
      "resolved": "github:NixOS/nixpkgs/79b35bf0bda5cd110f856aa5b5b2c5ba4460dbf5#yq-go",
      "source": "nixpkg",
      "systems": {
        "x86_64-linux": {
          "outputs": [
            {
              "path": "/nix/store/wnh2xakcycx328c14s9dvpwq2diyg8hf-yq-go-4.53.3",
              "default": true
            }
          ]
        }
      }
    }
  }
}
